
Microsoft Visual Studio Solution File, Format Version 12.00
# Visual Studio Version 17
VisualStudioVersion = 17.14.36121.58
MinimumVisualStudioVersion = 10.0.40219.1
Project("{FAE04EC0-301F-11D3-BF4B-00C04F79EFBC}") = "KLDS_UI", "KLDS_UI.csproj", "{9BFB221A-A545-4E07-9546-353562223F80}"
EndProject
Project("{FAE04EC0-301F-11D3-BF4B-00C04F79EFBC}") = "Keylogger Core 2.0", "..\Keylogger Core 2.0\Keylogger Core 2.0.csproj", "{E4CE846F-6BE2-7973-687A-77B6C963DE76}"
EndProject
Project("{FAE04EC0-301F-11D3-BF4B-00C04F79EFBC}") = "Client_Library", "..\Client_Library\Client_Library.csproj", "{9396CFAF-EA34-45F1-96A5-D646099609C6}"
EndProject
Project("{FAE04EC0-301F-11D3-BF4B-00C04F79EFBC}") = "keylogger lib", "..\keylogger lib\keylogger lib.csproj", "{92186204-FF7A-82C3-EDAC-CD2D47E84B3E}"
EndProject
Global
	GlobalSection(SolutionConfigurationPlatforms) = preSolution
		Debug|Any CPU = Debug|Any CPU
		Release|Any CPU = Release|Any CPU
	EndGlobalSection
	GlobalSection(ProjectConfigurationPlatforms) = postSolution
		{9BFB221A-A545-4E07-9546-353562223F80}.Debug|Any CPU.ActiveCfg = Debug|Any CPU
		{9BFB221A-A545-4E07-9546-353562223F80}.Debug|Any CPU.Build.0 = Debug|Any CPU
		{9BFB221A-A545-4E07-9546-353562223F80}.Release|Any CPU.ActiveCfg = Release|Any CPU
		{9BFB221A-A545-4E07-9546-353562223F80}.Release|Any CPU.Build.0 = Release|Any CPU
		{E4CE846F-6BE2-7973-687A-77B6C963DE76}.Debug|Any CPU.ActiveCfg = Debug|Any CPU
		{E4CE846F-6BE2-7973-687A-77B6C963DE76}.Debug|Any CPU.Build.0 = Debug|Any CPU
		{E4CE846F-6BE2-7973-687A-77B6C963DE76}.Release|Any CPU.ActiveCfg = Release|Any CPU
		{E4CE846F-6BE2-7973-687A-77B6C963DE76}.Release|Any CPU.Build.0 = Release|Any CPU
		{9396CFAF-EA34-45F1-96A5-D646099609C6}.Debug|Any CPU.ActiveCfg = Debug|Any CPU
		{9396CFAF-EA34-45F1-96A5-D646099609C6}.Debug|Any CPU.Build.0 = Debug|Any CPU
		{9396CFAF-EA34-45F1-96A5-D646099609C6}.Release|Any CPU.ActiveCfg = Release|Any CPU
		{9396CFAF-EA34-45F1-96A5-D646099609C6}.Release|Any CPU.Build.0 = Release|Any CPU
		{92186204-FF7A-82C3-EDAC-CD2D47E84B3E}.Debug|Any CPU.ActiveCfg = Debug|Any CPU
		{92186204-FF7A-82C3-EDAC-CD2D47E84B3E}.Debug|Any CPU.Build.0 = Debug|Any CPU
		{92186204-FF7A-82C3-EDAC-CD2D47E84B3E}.Release|Any CPU.ActiveCfg = Release|Any CPU
		{92186204-FF7A-82C3-EDAC-CD2D47E84B3E}.Release|Any CPU.Build.0 = Release|Any CPU
	EndGlobalSection
	GlobalSection(SolutionProperties) = preSolution
		HideSolutionNode = FALSE
	EndGlobalSection
	GlobalSection(ExtensibilityGlobals) = postSolution
		SolutionGuid = {AC6A2D0D-1A80-4073-AC33-2DB593BA5ED2}
	EndGlobalSection
EndGlobal
